
Microsoft Visual Studio Solution File, Format Version 12.00
# Visual Studio Version 17
VisualStudioVersion = 17.9.34607.119
MinimumVisualStudioVersion = 10.0.40219.1
Project("{FAE04EC0-301F-11D3-BF4B-00C04F79EFBC}") = "EKART", "EKART\EKART.csproj", "{A2BEA34B-0A28-4FCE-B1D8-525E4F56A838}"
EndProject
Global
	GlobalSection(SolutionConfigurationPlatforms) = preSolution
		Debug|Any CPU = Debug|Any CPU
		Release|Any CPU = Release|Any CPU
	EndGlobalSection
	GlobalSection(ProjectConfigurationPlatforms) = postSolution
		{A2BEA34B-0A28-4FCE-B1D8-525E4F56A838}.Debug|Any CPU.ActiveCfg = Debug|Any CPU
		{A2BEA34B-0A28-4FCE-B1D8-525E4F56A838}.Debug|Any CPU.Build.0 = Debug|Any CPU
		{A2BEA34B-0A28-4FCE-B1D8-525E4F56A838}.Release|Any CPU.ActiveCfg = Release|Any CPU
		{A2BEA34B-0A28-4FCE-B1D8-525E4F56A838}.Release|Any CPU.Build.0 = Release|Any CPU
	EndGlobalSection
	GlobalSection(SolutionProperties) = preSolution
		HideSolutionNode = FALSE
	EndGlobalSection
	GlobalSection(ExtensibilityGlobals) = postSolution
		SolutionGuid = {28BBB06D-0330-46DA-B4F0-6C98006C6942}
	EndGlobalSection
EndGlobal
