
Microsoft Visual Studio Solution File, Format Version 12.00
# Visual Studio Version 17
VisualStudioVersion = 17.9.34607.119
MinimumVisualStudioVersion = 10.0.40219.1
Project("{FAE04EC0-301F-11D3-BF4B-00C04F79EFBC}") = "Assignment 5", "Assignment 5\Assignment 5.csproj", "{DD8F4C2D-E1B2-4BBC-B4BB-9351A1715E1C}"
EndProject
Global
	GlobalSection(SolutionConfigurationPlatforms) = preSolution
		Debug|Any CPU = Debug|Any CPU
		Release|Any CPU = Release|Any CPU
	EndGlobalSection
	GlobalSection(ProjectConfigurationPlatforms) = postSolution
		{DD8F4C2D-E1B2-4BBC-B4BB-9351A1715E1C}.Debug|Any CPU.ActiveCfg = Debug|Any CPU
		{DD8F4C2D-E1B2-4BBC-B4BB-9351A1715E1C}.Debug|Any CPU.Build.0 = Debug|Any CPU
		{DD8F4C2D-E1B2-4BBC-B4BB-9351A1715E1C}.Release|Any CPU.ActiveCfg = Release|Any CPU
		{DD8F4C2D-E1B2-4BBC-B4BB-9351A1715E1C}.Release|Any CPU.Build.0 = Release|Any CPU
	EndGlobalSection
	GlobalSection(SolutionProperties) = preSolution
		HideSolutionNode = FALSE
	EndGlobalSection
	GlobalSection(ExtensibilityGlobals) = postSolution
		SolutionGuid = {F1C9C93F-189C-47CB-AD0E-1D9FBF2D868F}
	EndGlobalSection
EndGlobal
