
Microsoft Visual Studio Solution File, Format Version 12.00
# Visual Studio Version 17
VisualStudioVersion = 17.9.34607.119
MinimumVisualStudioVersion = 10.0.40219.1
Project("{FAE04EC0-301F-11D3-BF4B-00C04F79EFBC}") = "Assignment2", "Assignment2\Assignment2.csproj", "{BAF813AE-A1CB-4527-AF85-2631C0874C20}"
EndProject
Global
	GlobalSection(SolutionConfigurationPlatforms) = preSolution
		Debug|Any CPU = Debug|Any CPU
		Release|Any CPU = Release|Any CPU
	EndGlobalSection
	GlobalSection(ProjectConfigurationPlatforms) = postSolution
		{BAF813AE-A1CB-4527-AF85-2631C0874C20}.Debug|Any CPU.ActiveCfg = Debug|Any CPU
		{BAF813AE-A1CB-4527-AF85-2631C0874C20}.Debug|Any CPU.Build.0 = Debug|Any CPU
		{BAF813AE-A1CB-4527-AF85-2631C0874C20}.Release|Any CPU.ActiveCfg = Release|Any CPU
		{BAF813AE-A1CB-4527-AF85-2631C0874C20}.Release|Any CPU.Build.0 = Release|Any CPU
	EndGlobalSection
	GlobalSection(SolutionProperties) = preSolution
		HideSolutionNode = FALSE
	EndGlobalSection
	GlobalSection(ExtensibilityGlobals) = postSolution
		SolutionGuid = {77DF5150-7D9B-471A-987A-D617A3414644}
	EndGlobalSection
EndGlobal
