
Microsoft Visual Studio Solution File, Format Version 12.00
# Visual Studio Version 17
VisualStudioVersion = 17.9.34607.119
MinimumVisualStudioVersion = 10.0.40219.1
Project("{FAE04EC0-301F-11D3-BF4B-00C04F79EFBC}") = "Assessment1", "Assessment1\Assessment1.csproj", "{B4D78A98-A9C0-4CEA-A1D8-30E2B76F74CF}"
EndProject
Global
	GlobalSection(SolutionConfigurationPlatforms) = preSolution
		Debug|Any CPU = Debug|Any CPU
		Release|Any CPU = Release|Any CPU
	EndGlobalSection
	GlobalSection(ProjectConfigurationPlatforms) = postSolution
		{B4D78A98-A9C0-4CEA-A1D8-30E2B76F74CF}.Debug|Any CPU.ActiveCfg = Debug|Any CPU
		{B4D78A98-A9C0-4CEA-A1D8-30E2B76F74CF}.Debug|Any CPU.Build.0 = Debug|Any CPU
		{B4D78A98-A9C0-4CEA-A1D8-30E2B76F74CF}.Release|Any CPU.ActiveCfg = Release|Any CPU
		{B4D78A98-A9C0-4CEA-A1D8-30E2B76F74CF}.Release|Any CPU.Build.0 = Release|Any CPU
	EndGlobalSection
	GlobalSection(SolutionProperties) = preSolution
		HideSolutionNode = FALSE
	EndGlobalSection
	GlobalSection(ExtensibilityGlobals) = postSolution
		SolutionGuid = {F61C891D-3597-4B2E-A63A-F853ECA5D0C3}
	EndGlobalSection
EndGlobal
